
Microsoft Visual Studio Solution File, Format Version 12.00
# Visual Studio Version 16
VisualStudioVersion = 16.0.29613.14
MinimumVisualStudioVersion = 10.0.40219.1
Project("{FAE04EC0-301F-11D3-BF4B-00C04F79EFBC}") = "MedicalExamsWebAPI", "MedicalExamsWebAPI.csproj", "{6AACE9D3-FFA7-4A5A-80EC-1B5B86E8BD0E}"
EndProject
Global
	GlobalSection(SolutionConfigurationPlatforms) = preSolution
		Debug|Any CPU = Debug|Any CPU
		Release|Any CPU = Release|Any CPU
	EndGlobalSection
	GlobalSection(ProjectConfigurationPlatforms) = postSolution
		{6AACE9D3-FFA7-4A5A-80EC-1B5B86E8BD0E}.Debug|Any CPU.ActiveCfg = Debug|Any CPU
		{6AACE9D3-FFA7-4A5A-80EC-1B5B86E8BD0E}.Debug|Any CPU.Build.0 = Debug|Any CPU
		{6AACE9D3-FFA7-4A5A-80EC-1B5B86E8BD0E}.Release|Any CPU.ActiveCfg = Release|Any CPU
		{6AACE9D3-FFA7-4A5A-80EC-1B5B86E8BD0E}.Release|Any CPU.Build.0 = Release|Any CPU
	EndGlobalSection
	GlobalSection(SolutionProperties) = preSolution
		HideSolutionNode = FALSE
	EndGlobalSection
	GlobalSection(ExtensibilityGlobals) = postSolution
		SolutionGuid = {3D730CA3-DF01-4F17-8134-27DCF5B345A0}
	EndGlobalSection
EndGlobal
